Microsoft Visual Studio Solution File, Format Version 12.00
# Visual Studio Version 17
VisualStudioVersion = 17.5.2.0
MinimumVisualStudioVersion = 10.0.40219.1
Project("{FAE04EC0-301F-11D3-BF4B-00C04F79EFBC}") = "ufshop", "ufshop.csproj", "{B2D014EC-28C2-C1F3-0182-B95EABDD8C87}"
EndProject
Global
	GlobalSection(SolutionConfigurationPlatforms) = preSolution
		Debug|Any CPU = Debug|Any CPU
		Release|Any CPU = Release|Any CPU
	EndGlobalSection
	GlobalSection(ProjectConfigurationPlatforms) = postSolution
		{B2D014EC-28C2-C1F3-0182-B95EABDD8C87}.Debug|Any CPU.ActiveCfg = Debug|Any CPU
		{B2D014EC-28C2-C1F3-0182-B95EABDD8C87}.Debug|Any CPU.Build.0 = Debug|Any CPU
		{B2D014EC-28C2-C1F3-0182-B95EABDD8C87}.Release|Any CPU.ActiveCfg = Release|Any CPU
		{B2D014EC-28C2-C1F3-0182-B95EABDD8C87}.Release|Any CPU.Build.0 = Release|Any CPU
	EndGlobalSection
	GlobalSection(SolutionProperties) = preSolution
		HideSolutionNode = FALSE
	EndGlobalSection
	GlobalSection(ExtensibilityGlobals) = postSolution
		SolutionGuid = {10B27B77-AA83-488D-AE2E-E3963B6F118A}
	EndGlobalSection
EndGlobal
